{
  "version": 1,
  "dependencies": {
    ".NETFramework,Version=v4.8": {
      "AutoFixture": {
        "type": "Direct",
        "requested": "[4.13.0, 4.13.0]",
        "resolved": "4.13.0",
        "contentHash": "P+ptwYwA3EPvWMYIF15Dz6R7dV38EmSSWSkYqoryWmKtxN3t2jaJQ3rNLmmww/2OKCuQrc4nc6cZF8nxGNjnpQ=="
      },
      "AutoFixture.AutoNSubstitute": {
        "type": "Direct",
        "requested": "[4.13.0, 4.13.0]",
        "resolved": "4.13.0",
        "contentHash": "6XsVVkn3nnPDlXyfGxJdg9DWXsUcBDiolLl1GR4ea9xAQ/jAgZQguniL2p0/ef9DG01429bSFfnC+A0kmkQy1w=="
      },
      "coverlet.collector": {
        "type": "Direct",
        "requested": "[1.3.0, 1.3.0]",
        "resolved": "1.3.0",
        "contentHash": "t8pnf5SX2ya0RX4vjoxsbhDMQCZJcpPun2neHKJ4FouMmObylo25FvoOydvf3Bl+l+IzWw7u2vjEeCBHnleB9g=="
      },
      "coverlet.msbuild": {
        "type": "Direct",
        "requested": "[2.9.0, 2.9.0]",
        "resolved": "2.9.0",
        "contentHash": "t+2du2q+z0FFklyP6HGSoKssRj0NequInLvgQ9rtxHskbgmAENxgt83eTQSRyxJ8DAThW8WOYhOuhuXIs//ZyA=="
      },
      "DotLiquid": {
        "type": "Direct",
        "requested": "[2.0.333, 2.0.333]",
        "resolved": "2.0.333",
        "contentHash": "JDbE5dvErMveKVZDw6TvEVbzPnX00DDaK9TJ3Zv/gxQ63IB59z5lkWYhH9XrXw2EPmzF6Sfqf4Lojnfs98TmSQ=="
      },
      "Fare": {
        "type": "Direct",
        "requested": "[2.1.1, 2.1.1]",
        "resolved": "2.1.1",
        "contentHash": "HaI8puqA66YU7/9cK4Sgbs1taUTP1Ssa4QT2PIzqJ7GvAbN1QgkjbRsjH+FSbMh1MJdvS0CIwQNLtFT+KF6KpA=="
      },
      "LightInject": {
        "type": "Direct",
        "requested": "[5.4.0, 5.4.0]",
        "resolved": "5.4.0",
        "contentHash": "w4EjEhNqtzFb0qlScmpjA84Nuv4+OITNGfYCjDhJoLYyw+uagkrrth+e9Hgidv4bMzuNSlJpHPGTHx6DtE4Ixg=="
      },
      "LightInject.Annotation": {
        "type": "Direct",
        "requested": "[1.1.0, 1.1.0]",
        "resolved": "1.1.0",
        "contentHash": "sZZpnoBRo20Ul5i8Vn8NIjIpTqhzPCwcghhQ5R36iJobmEyPjIy3qiTSVL24Ax+6aYdz/v7Vz4m/35qCVjSk3w=="
      },
      "LightInject.Web": {
        "type": "Direct",
        "requested": "[2.0.0, 2.0.0]",
        "resolved": "2.0.0",
        "contentHash": "+re4VADlWBF1BgIeJOy8D0UTBCZqRELWD8y2OejKrgDr8moLDApydGfNpyJv0J4tG8tqR4LwU33yo5fU/+rkWA=="
      },
      "LiquidTestReports.Core": {
        "type": "Direct",
        "requested": "[1.0.1, 1.0.1]",
        "resolved": "1.0.1",
        "contentHash": "8AvkWJfAuoI/EPIq4VeyCMDGLQpKYzgiJkDgS4995+romrx6TrtJb3E2WrANEndPXPUEz5Z8vnf+SIS6tUtkBg=="
      },
      "LiquidTestReports.Markdown": {
        "type": "Direct",
        "requested": "[1.0.1, 1.0.1]",
        "resolved": "1.0.1",
        "contentHash": "jTbIgCVpq8eum3vvnoZ4VFUFbYD7aqOkYCfS5Qe2TuENblqrX/6RFLAwl7EbkGwVtBj46GeeXZbbxU+PQApevA=="
      },
      "Microsoft.AspNet.Identity.Core": {
        "type": "Direct",
        "requested": "[2.2.2, 2.2.2]",
        "resolved": "2.2.2",
        "contentHash": "aZoXAqqisAQlEdeMwcn204m7ErUeYXJuoZ4YqvV85OPeB0w8o8kW8Ww5o5ZTZFx3mrLmmtfWKjt4nLqfjzjXEw=="
      },
      "Microsoft.AspNet.WebApi.Client": {
        "type": "Direct",
        "requested": "[5.2.7, 5.2.7]",
        "resolved": "5.2.7",
        "contentHash": "/76fAHknzvFqbznS6Uj2sOyE9rJB3PltY+f53TH8dX9RiGhk02EhuFCWljSj5nnqKaTsmma8DFR50OGyQ4yJ1g=="
      },
      "Microsoft.Azure.Search": {
        "type": "Direct",
        "requested": "[10.1.0, 10.1.0]",
        "resolved": "10.1.0",
        "contentHash": "JFNp1E0f3rO/9dC5ojvMmB/0a22qfI59rCCDrflbeUZlII082xLt+WX1i0Pr2+9PUqum7/20XDZgxwAvWrFVtw=="
      },
      "Microsoft.Azure.Search.Common": {
        "type": "Direct",
        "requested": "[10.1.0, 10.1.0]",
        "resolved": "10.1.0",
        "contentHash": "FvLrtkXe5VCRWVXa9ohlldxbVro8MBWi+k/zfUaw+0bOfzHyd3Qz8EouF6yBmosnFF1pbo4+N4CGTiabEGHk0g=="
      },
      "Microsoft.Azure.Search.Data": {
        "type": "Direct",
        "requested": "[10.1.0, 10.1.0]",
        "resolved": "10.1.0",
        "contentHash": "V8TmMdv2LzXn0QA/8PP/xNyWDF4vIKPxTh+2Z9KUbDsmO0bcgielJLtMP0pF0F2y0nWRVUu2pvTEW0kOzhV32Q=="
      },
      "Microsoft.Azure.Search.Service": {
        "type": "Direct",
        "requested": "[10.1.0, 10.1.0]",
        "resolved": "10.1.0",
        "contentHash": "mHAKJHjo1hrjsjsi5iNiBfaMZFDznwYyXrs0VloNRuaDnWZIaasYoXkj0uEEQUIu4NTqytukppQroaGqDxD8IQ=="
      },
      "Microsoft.Extensions.DependencyInjection.Abstractions": {
        "type": "Direct",
        "requested": "[2.0.0, 2.0.0]",
        "resolved": "2.0.0",
        "contentHash": "eUdJ0Q/GfVyUJc0Jal5L1QZLceL78pvEM9wEKcHeI24KorqMDoVX+gWsMGLulQMfOwsUaPtkpQM2pFERTzSfSg=="
      },
      "Microsoft.Owin": {
        "type": "Direct",
        "requested": "[4.0.1, 4.0.1]",
        "resolved": "4.0.1",
        "contentHash": "J3v8nn9ABr5rm22EOyvndAP/gjP2AnhhfZuI2A7lTPO4+j27SpVv6P/Zs29+/AzSpC8qkE6GIe43vodPMF5DpA=="
      },
      "Microsoft.Rest.ClientRuntime": {
        "type": "Direct",
        "requested": "[2.3.20, 2.3.20]",
        "resolved": "2.3.20",
        "contentHash": "bw/H1nO4JdnhTagPHWIFQwtlQ6rb2jqw5RTrqPsPqzrjhJxc7P6MyNGdf4pgHQdzdpBSNOfZTEQifoUkxmzYXQ=="
      },
      "Microsoft.Rest.ClientRuntime.Azure": {
        "type": "Direct",
        "requested": "[3.3.18, 3.3.18]",
        "resolved": "3.3.18",
        "contentHash": "pCtem10PRQYvzRiwJVInsccsqB0NrTjW83NF3zWk1LpN3IS0AneZKq89RyogDT7mRMT1Li/mLY8N8kU6RAiK0g=="
      },
      "Microsoft.Spatial": {
        "type": "Direct",
        "requested": "[7.5.3, 7.5.3]",
        "resolved": "7.5.3",
        "contentHash": "x70zvxa2DD9JpMmBBIpRFUXUnKzWUF0PR5JfPk0k2b3WiUBdBet0XuXd7Vhs66ZksG8IJur07vJN8syjU2So6g=="
      },
      "Microsoft.TestPlatform.ObjectModel": {
        "type": "Direct",
        "requested": "[16.6.1, 16.6.1]",
        "resolved": "16.6.1",
        "contentHash": "QFD1oT7Rn8Pv6z8L95gDXHsgRSsQmvMrIIhSrUqsEuKwsKg4HAqlOhWRwR0/UEkFMl9NdWt2w+OH01ttcDTtkg=="
      },
      "MiniProfiler": {
        "type": "Direct",
        "requested": "[4.0.138, 4.0.138]",
        "resolved": "4.0.138",
        "contentHash": "dGJUJBzzUUKs4VilVnI+OcCnSlRAn7HTZ1Kp8ECEU6Ui/NAs3T2dB5cdtxJ6K34AnGoPGO4HuJnSbJtWhK+Q0g=="
      },
      "MiniProfiler.Shared": {
        "type": "Direct",
        "requested": "[4.0.138, 4.0.138]",
        "resolved": "4.0.138",
        "contentHash": "KPV/bZhxfcj/P5Iwu3W93gYG88jRzLJi7b3N3snNJCJu+uqb0BRVZv9iwk/uPeYizkDuTHt9rGkGAsPw8YUu7Q=="
      },
      "Newtonsoft.Json": {
        "type": "Direct",
        "requested": "[12.0.1, 12.0.1]",
        "resolved": "12.0.1",
        "contentHash": "pBR3wCgYWZGiaZDYP+HHYnalVnPJlpP1q55qvVb+adrDHmFMDc1NAKio61xTwftK3Pw5h7TZJPJEEVMd6ty8rg=="
      },
      "NPoco": {
        "type": "Direct",
        "requested": "[3.9.4, 3.9.4]",
        "resolved": "3.9.4",
        "contentHash": "XnWlzHZnbGLRZmMmJJZFSzZFY+HUWaYEHAtwgBeEev0SOFA8Ng9ppX7Wc/kqnuz3LZamrWxfv1mOmcRIpe9nEg=="
      },
      "NSubstitute": {
        "type": "Direct",
        "requested": "[2.0.3, 2.0.3]",
        "resolved": "2.0.3",
        "contentHash": "ZQRZ5b3/lhz4qKUdwzFSoPiFJnYSIjVzsmmfgvFG/7GjJ3+HO59NvaKBg+RcMNBrMNAR07X/mal3as4P0w+Dmw=="
      },
      "NuGet.Frameworks": {
        "type": "Direct",
        "requested": "[5.0.0, 5.0.0]",
        "resolved": "5.0.0",
        "contentHash": "c5JVjuVAm4f7E9Vj+v09Z9s2ZsqFDjBpcsyS3M9xRo0bEdm/LVZSzLxxNvfvAwRiiE8nwe1h2G4OwiwlzFKXlA=="
      },
      "Owin": {
        "type": "Direct",
        "requested": "[1.0.0, 1.0.0]",
        "resolved": "1.0.0",
        "contentHash": "OseTFniKmyp76mEzOBwIKGBRS5eMoYNkMKaMXOpxx9jv88+b6mh1rSaw43vjBOItNhaLFG3d0a20PfHyibH5sw=="
      },
      "Semver": {
        "type": "Direct",
        "requested": "[2.0.4, 2.0.4]",
        "resolved": "2.0.4",
        "contentHash": "H52a9cgrh4hkVxv5y99L9vk2NBtJB3ids/yavTHUvC0pUl3EsWEZAJmjBPFSt7jDtn3Q04+Nhtfo0J2xvsnhZQ=="
      },
      "Serilog": {
        "type": "Direct",
        "requested": "[2.8.0, 2.8.0]",
        "resolved": "2.8.0",
        "contentHash": "zjuKXW5IQws43IHX7VY9nURsaCiBYh2kyJCWLJRSWrTsx/syBKHV8MibWe2A+QH3Er0AiwA+OJmO3DhFJDY1+A=="
      },
      "Serilog.Enrichers.Process": {
        "type": "Direct",
        "requested": "[2.0.1, 2.0.1]",
        "resolved": "2.0.1",
        "contentHash": "Qq7Gyz/LoC9jjZPutTfzfrBToEkPSdNLfhalLDxNa9JqCZY2wh+rGsZEEE/952zeqV9pzqzcEKAxuVZoBfl2Gw=="
      },
      "Serilog.Enrichers.Thread": {
        "type": "Direct",
        "requested": "[3.0.0, 3.0.0]",
        "resolved": "3.0.0",
        "contentHash": "wPt2ib3wj8UVw6Z7HUp1bE3YKeCPHyWesOw+5q3Pf7mBI7A12o/ng97M2D213ambgRLS9BJMNF0/MQTXtpqMjw=="
      },
      "Serilog.Filters.Expressions": {
        "type": "Direct",
        "requested": "[2.0.0, 2.0.0]",
        "resolved": "2.0.0",
        "contentHash": "JhD2uV1s3ixF4L2dSB7t7jV5OKG8AEQOYtfTqSVkNm9X/g6zr1uoGH62XhDfCzEbyd5fiB9Rv4IXm+8m98Ao9Q=="
      },
      "Serilog.Formatting.Compact": {
        "type": "Direct",
        "requested": "[1.0.0, 1.0.0]",
        "resolved": "1.0.0",
        "contentHash": "r3QYz02y7+B7Ng30hyJM929OJhem7SsJ4XDUE0Zfptj2MRiQfpPUb5f58juAFjp/TnNeSX2QNzZEnHwLeoJfHQ=="
      },
      "Serilog.Formatting.Compact.Reader": {
        "type": "Direct",
        "requested": "[1.0.3, 1.0.3]",
        "resolved": "1.0.3",
        "contentHash": "A3Hkm3FlPLnrJr0DM//Tg0o1dMVwMs84yqqwMYYMtdFxDQ3tWrMFyyXPaCe5VYUiYi/ELfc8FKlh0j47NNDhoA=="
      },
      "Serilog.Settings.AppSettings": {
        "type": "Direct",
        "requested": "[2.2.2, 2.2.2]",
        "resolved": "2.2.2",
        "contentHash": "2BcbEs9E14BVUHlkZjxGnILUTN/FiYn45k8NW5I9nrMELnBy9sCQ1L2SgJVGLlINUhzEVqE7aWE84UG7B0Qr0A=="
      },
      "Serilog.Sinks.Async": {
        "type": "Direct",
        "requested": "[1.3.0, 1.3.0]",
        "resolved": "1.3.0",
        "contentHash": "G45b5qzoFYDDGy1SQznNJDQA4mfUESslkWh9S5Y48egtSpZoMDrj5MWoiucEoiMCbza+GLoZk8edprPO7P0Atw=="
      },
      "Serilog.Sinks.File": {
        "type": "Direct",
        "requested": "[4.0.0, 4.0.0]",
        "resolved": "4.0.0",
        "contentHash": "vBj43RkAbeP1dzoPFR2+LfV5GevDRPDq6265JJBv223lMvT9rfdwe/S/I9ow7aZSLYKfw4qPDw6NW8YwjbDbvg=="
      },
      "Serilog.Sinks.Map": {
        "type": "Direct",
        "requested": "[1.0.0, 1.0.0]",
        "resolved": "1.0.0",
        "contentHash": "WkQ7FwK3c1mdba7KpZBF43Fc+wyNRpZHidhFixhoEtwnUq9SFCCFoW8rBNDg1cSMsb1OPtRBsLW223vkxKC5AQ=="
      },
      "Superpower": {
        "type": "Direct",
        "requested": "[2.0.0, 2.0.0]",
        "resolved": "2.0.0",
        "contentHash": "LvsFRxO7VJuUXiaIr3agLuTQTCVYtzgmGJ4BiNe4/DKplOMZ4pibpVSg1ON5zXdCci1jYNfRgQlNEKv0d0Kcog=="
      },
      "System.Collections.Immutable": {
        "type": "Direct",
        "requested": "[1.5.0, 1.5.0]",
        "resolved": "1.5.0",
        "contentHash": "EXKiDFsChZW0RjrZ4FYHu9aW6+P4MCgEDCklsVseRfhoO0F+dXeMSsMRAlVXIo06kGJ/zv+2w1a2uc2+kxxSaQ=="
      },
      "System.Diagnostics.DiagnosticSource": {
        "type": "Direct",
        "requested": "[4.4.1, 4.4.1]",
        "resolved": "4.4.1",
        "contentHash": "U/KcC19fyLsPN1GLmeU2zQq15MMVcPwMOYPADVo1+WIoJpvMHxrzvl+BLLZwTEZSneGwaPFZ0aWr0nJ7B7LSdA=="
      },
      "System.Reflection.Metadata": {
        "type": "Direct",
        "requested": "[1.6.0, 1.6.0]",
        "resolved": "1.6.0",
        "contentHash": "COC1aiAJjCoA5GBF+QKL2uLqEBew4JsCkQmoHKbN3TlOZKa2fKLz5CpiRQKDz0RsAOEGsVKqOD5bomsXq/4STQ=="
      },
      "System.Runtime.InteropServices.RuntimeInformation": {
        "type": "Direct",
        "requested": "[4.0.0, 4.0.0]",
        "resolved": "4.0.0",
        "contentHash": "hWPhJxc453RCa8Z29O91EmfGeZIHX1ZH2A8L6lYQVSaKzku2DfArSfMEb1/MYYzPQRJZeu0c9dmYeJKxW5Fgng=="
      },
      "System.ValueTuple": {
        "type": "Direct",
        "requested": "[4.5.0, 4.5.0]",
        "resolved": "4.5.0",
        "contentHash": "okurQJO6NRE/apDIP23ajJ0hpiNmJ+f0BwOlB/cSqTLQlw5upkf+5+96+iG2Jw40G1fCVCyPz/FhIABUjMR+RQ=="
      },
      "Umbraco.SqlServerCE": {
        "type": "Direct",
        "requested": "[4.0.0.1, 4.0.0.1]",
        "resolved": "4.0.0.1",
        "contentHash": "ApeeERIumXC8inaXMF+v0IMikazEp6N6axPqdAVDF6mQoY6K4tlyB3/H9iTIInlUus1ixLtPFHBa+EDzsDF8ng=="
      },
      "UmbracoCms.Core": {
        "type": "Direct",
        "requested": "[8.6.4, 8.6.4]",
        "resolved": "8.6.4",
        "contentHash": "OS0DcWLAXCQ0iy42WLW4Z6Rqd+y6gWTmcyw8mFI3GF1Wa84yxiq8aGvniWhyiTF107L5LWjJ+PdVLxY+tv5jaA=="
      },
      "xunit": {
        "type": "Direct",
        "requested": "[2.4.1, 2.4.1]",
        "resolved": "2.4.1",
        "contentHash": "XNR3Yz9QTtec16O0aKcO6+baVNpXmOnPUxDkCY97J+8krUYxPvXT1szYYEUdKk4sB8GOI2YbAjRIOm8ZnXRfzQ=="
      },
      "xunit.abstractions": {
        "type": "Direct",
        "requested": "[2.0.3, 2.0.3]",
        "resolved": "2.0.3",
        "contentHash": "pot1I4YOxlWjIb5jmwvvQNbTrZ3lJQ+jUGkGjWE3hEFM0l5gOnBWS+H3qsex68s5cO52g+44vpGzhAt+42vwKg=="
      },
      "xunit.analyzers": {
        "type": "Direct",
        "requested": "[0.10.0, 0.10.0]",
        "resolved": "0.10.0",
        "contentHash": "4/IDFCJfIeg6bix9apmUtIMwvOsiwqdEexeO/R2D4GReIGPLIRODTpId/l4LRSrAJk9lEO3Zx1H0Zx6uohJDNg=="
      },
      "xunit.assert": {
        "type": "Direct",
        "requested": "[2.4.1, 2.4.1]",
        "resolved": "2.4.1",
        "contentHash": "O/Oe0BS5RmSsM+LQOb041TzuPo5MdH2Rov+qXGS37X+KFG1Hxz7kopYklM5+1Y+tRGeXrOx5+Xne1RuqLFQoyQ=="
      },
      "xunit.core": {
        "type": "Direct",
        "requested": "[2.4.1, 2.4.1]",
        "resolved": "2.4.1",
        "contentHash": "Zsj5OMU6JasNGERXZy8s72+pcheG6Q15atS5XpZXqAtULuyQiQ6XNnUsp1gyfC6WgqScqMvySiEHmHcOG6Eg0Q=="
      },
      "xunit.extensibility.core": {
        "type": "Direct",
        "requested": "[2.4.1, 2.4.1]",
        "resolved": "2.4.1",
        "contentHash": "yKZKm/8QNZnBnGZFD9SewkllHBiK0DThybQD/G4PiAmQjKtEZyHi6ET70QPU9KtSMJGRYS6Syk7EyR2EVDU4Kg=="
      },
      "xunit.extensibility.execution": {
        "type": "Direct",
        "requested": "[2.4.1, 2.4.1]",
        "resolved": "2.4.1",
        "contentHash": "7e/1jqBpcb7frLkB6XDrHCGXAbKN4Rtdb88epYxCSRQuZDRW8UtTfdTEVpdTl8s4T56e07hOBVd4G0OdCxIY2A=="
      },
      "xunit.runner.visualstudio": {
        "type": "Direct",
        "requested": "[2.4.3, 2.4.3]",
        "resolved": "2.4.3",
        "contentHash": "kZZSmOmKA8OBlAJaquPXnJJLM9RwQ27H7BMVqfMLUcTi9xHinWGJiWksa3D4NEtz0wZ/nxd2mogObvBgJKCRhQ=="
      }
    }
  }
}