{
  "version": 1,
  "dependencies": {
    ".NETFramework,Version=v4.8": {
      "LightInject": {
        "type": "Direct",
        "requested": "[5.4.0, 5.4.0]",
        "resolved": "5.4.0",
        "contentHash": "w4EjEhNqtzFb0qlScmpjA84Nuv4+OITNGfYCjDhJoLYyw+uagkrrth+e9Hgidv4bMzuNSlJpHPGTHx6DtE4Ixg=="
      },
      "LightInject.Annotation": {
        "type": "Direct",
        "requested": "[1.1.0, 1.1.0]",
        "resolved": "1.1.0",
        "contentHash": "sZZpnoBRo20Ul5i8Vn8NIjIpTqhzPCwcghhQ5R36iJobmEyPjIy3qiTSVL24Ax+6aYdz/v7Vz4m/35qCVjSk3w=="
      },
      "LightInject.Web": {
        "type": "Direct",
        "requested": "[2.0.0, 2.0.0]",
        "resolved": "2.0.0",
        "contentHash": "+re4VADlWBF1BgIeJOy8D0UTBCZqRELWD8y2OejKrgDr8moLDApydGfNpyJv0J4tG8tqR4LwU33yo5fU/+rkWA=="
      },
      "Microsoft.AspNet.Identity.Core": {
        "type": "Direct",
        "requested": "[2.2.2, 2.2.2]",
        "resolved": "2.2.2",
        "contentHash": "aZoXAqqisAQlEdeMwcn204m7ErUeYXJuoZ4YqvV85OPeB0w8o8kW8Ww5o5ZTZFx3mrLmmtfWKjt4nLqfjzjXEw=="
      },
      "Microsoft.AspNet.WebApi.Client": {
        "type": "Direct",
        "requested": "[5.2.7, 5.2.7]",
        "resolved": "5.2.7",
        "contentHash": "/76fAHknzvFqbznS6Uj2sOyE9rJB3PltY+f53TH8dX9RiGhk02EhuFCWljSj5nnqKaTsmma8DFR50OGyQ4yJ1g=="
      },
      "Microsoft.Extensions.DependencyInjection.Abstractions": {
        "type": "Direct",
        "requested": "[2.0.0, 2.0.0]",
        "resolved": "2.0.0",
        "contentHash": "eUdJ0Q/GfVyUJc0Jal5L1QZLceL78pvEM9wEKcHeI24KorqMDoVX+gWsMGLulQMfOwsUaPtkpQM2pFERTzSfSg=="
      },
      "Microsoft.Owin": {
        "type": "Direct",
        "requested": "[4.0.1, 4.0.1]",
        "resolved": "4.0.1",
        "contentHash": "J3v8nn9ABr5rm22EOyvndAP/gjP2AnhhfZuI2A7lTPO4+j27SpVv6P/Zs29+/AzSpC8qkE6GIe43vodPMF5DpA=="
      },
      "MiniProfiler": {
        "type": "Direct",
        "requested": "[4.0.138, 4.0.138]",
        "resolved": "4.0.138",
        "contentHash": "dGJUJBzzUUKs4VilVnI+OcCnSlRAn7HTZ1Kp8ECEU6Ui/NAs3T2dB5cdtxJ6K34AnGoPGO4HuJnSbJtWhK+Q0g=="
      },
      "MiniProfiler.Shared": {
        "type": "Direct",
        "requested": "[4.0.138, 4.0.138]",
        "resolved": "4.0.138",
        "contentHash": "KPV/bZhxfcj/P5Iwu3W93gYG88jRzLJi7b3N3snNJCJu+uqb0BRVZv9iwk/uPeYizkDuTHt9rGkGAsPw8YUu7Q=="
      },
      "Newtonsoft.Json": {
        "type": "Direct",
        "requested": "[12.0.1, 12.0.1]",
        "resolved": "12.0.1",
        "contentHash": "pBR3wCgYWZGiaZDYP+HHYnalVnPJlpP1q55qvVb+adrDHmFMDc1NAKio61xTwftK3Pw5h7TZJPJEEVMd6ty8rg=="
      },
      "NPoco": {
        "type": "Direct",
        "requested": "[3.9.4, 3.9.4]",
        "resolved": "3.9.4",
        "contentHash": "XnWlzHZnbGLRZmMmJJZFSzZFY+HUWaYEHAtwgBeEev0SOFA8Ng9ppX7Wc/kqnuz3LZamrWxfv1mOmcRIpe9nEg=="
      },
      "Owin": {
        "type": "Direct",
        "requested": "[1.0.0, 1.0.0]",
        "resolved": "1.0.0",
        "contentHash": "OseTFniKmyp76mEzOBwIKGBRS5eMoYNkMKaMXOpxx9jv88+b6mh1rSaw43vjBOItNhaLFG3d0a20PfHyibH5sw=="
      },
      "Semver": {
        "type": "Direct",
        "requested": "[2.0.4, 2.0.4]",
        "resolved": "2.0.4",
        "contentHash": "H52a9cgrh4hkVxv5y99L9vk2NBtJB3ids/yavTHUvC0pUl3EsWEZAJmjBPFSt7jDtn3Q04+Nhtfo0J2xvsnhZQ=="
      },
      "Serilog": {
        "type": "Direct",
        "requested": "[2.8.0, 2.8.0]",
        "resolved": "2.8.0",
        "contentHash": "zjuKXW5IQws43IHX7VY9nURsaCiBYh2kyJCWLJRSWrTsx/syBKHV8MibWe2A+QH3Er0AiwA+OJmO3DhFJDY1+A=="
      },
      "Serilog.Enrichers.Process": {
        "type": "Direct",
        "requested": "[2.0.1, 2.0.1]",
        "resolved": "2.0.1",
        "contentHash": "Qq7Gyz/LoC9jjZPutTfzfrBToEkPSdNLfhalLDxNa9JqCZY2wh+rGsZEEE/952zeqV9pzqzcEKAxuVZoBfl2Gw=="
      },
      "Serilog.Enrichers.Thread": {
        "type": "Direct",
        "requested": "[3.0.0, 3.0.0]",
        "resolved": "3.0.0",
        "contentHash": "wPt2ib3wj8UVw6Z7HUp1bE3YKeCPHyWesOw+5q3Pf7mBI7A12o/ng97M2D213ambgRLS9BJMNF0/MQTXtpqMjw=="
      },
      "Serilog.Filters.Expressions": {
        "type": "Direct",
        "requested": "[2.0.0, 2.0.0]",
        "resolved": "2.0.0",
        "contentHash": "JhD2uV1s3ixF4L2dSB7t7jV5OKG8AEQOYtfTqSVkNm9X/g6zr1uoGH62XhDfCzEbyd5fiB9Rv4IXm+8m98Ao9Q=="
      },
      "Serilog.Formatting.Compact": {
        "type": "Direct",
        "requested": "[1.0.0, 1.0.0]",
        "resolved": "1.0.0",
        "contentHash": "r3QYz02y7+B7Ng30hyJM929OJhem7SsJ4XDUE0Zfptj2MRiQfpPUb5f58juAFjp/TnNeSX2QNzZEnHwLeoJfHQ=="
      },
      "Serilog.Formatting.Compact.Reader": {
        "type": "Direct",
        "requested": "[1.0.3, 1.0.3]",
        "resolved": "1.0.3",
        "contentHash": "A3Hkm3FlPLnrJr0DM//Tg0o1dMVwMs84yqqwMYYMtdFxDQ3tWrMFyyXPaCe5VYUiYi/ELfc8FKlh0j47NNDhoA=="
      },
      "Serilog.Settings.AppSettings": {
        "type": "Direct",
        "requested": "[2.2.2, 2.2.2]",
        "resolved": "2.2.2",
        "contentHash": "2BcbEs9E14BVUHlkZjxGnILUTN/FiYn45k8NW5I9nrMELnBy9sCQ1L2SgJVGLlINUhzEVqE7aWE84UG7B0Qr0A=="
      },
      "Serilog.Sinks.Async": {
        "type": "Direct",
        "requested": "[1.3.0, 1.3.0]",
        "resolved": "1.3.0",
        "contentHash": "G45b5qzoFYDDGy1SQznNJDQA4mfUESslkWh9S5Y48egtSpZoMDrj5MWoiucEoiMCbza+GLoZk8edprPO7P0Atw=="
      },
      "Serilog.Sinks.File": {
        "type": "Direct",
        "requested": "[4.0.0, 4.0.0]",
        "resolved": "4.0.0",
        "contentHash": "vBj43RkAbeP1dzoPFR2+LfV5GevDRPDq6265JJBv223lMvT9rfdwe/S/I9ow7aZSLYKfw4qPDw6NW8YwjbDbvg=="
      },
      "Serilog.Sinks.Map": {
        "type": "Direct",
        "requested": "[1.0.0, 1.0.0]",
        "resolved": "1.0.0",
        "contentHash": "WkQ7FwK3c1mdba7KpZBF43Fc+wyNRpZHidhFixhoEtwnUq9SFCCFoW8rBNDg1cSMsb1OPtRBsLW223vkxKC5AQ=="
      },
      "Superpower": {
        "type": "Direct",
        "requested": "[2.0.0, 2.0.0]",
        "resolved": "2.0.0",
        "contentHash": "LvsFRxO7VJuUXiaIr3agLuTQTCVYtzgmGJ4BiNe4/DKplOMZ4pibpVSg1ON5zXdCci1jYNfRgQlNEKv0d0Kcog=="
      },
      "System.Diagnostics.DiagnosticSource": {
        "type": "Direct",
        "requested": "[4.4.1, 4.4.1]",
        "resolved": "4.4.1",
        "contentHash": "U/KcC19fyLsPN1GLmeU2zQq15MMVcPwMOYPADVo1+WIoJpvMHxrzvl+BLLZwTEZSneGwaPFZ0aWr0nJ7B7LSdA=="
      },
      "System.ValueTuple": {
        "type": "Direct",
        "requested": "[4.5.0, 4.5.0]",
        "resolved": "4.5.0",
        "contentHash": "okurQJO6NRE/apDIP23ajJ0hpiNmJ+f0BwOlB/cSqTLQlw5upkf+5+96+iG2Jw40G1fCVCyPz/FhIABUjMR+RQ=="
      },
      "Umbraco.SqlServerCE": {
        "type": "Direct",
        "requested": "[4.0.0.1, 4.0.0.1]",
        "resolved": "4.0.0.1",
        "contentHash": "ApeeERIumXC8inaXMF+v0IMikazEp6N6axPqdAVDF6mQoY6K4tlyB3/H9iTIInlUus1ixLtPFHBa+EDzsDF8ng=="
      },
      "UmbracoCms.Core": {
        "type": "Direct",
        "requested": "[8.6.4, 8.6.4]",
        "resolved": "8.6.4",
        "contentHash": "OS0DcWLAXCQ0iy42WLW4Z6Rqd+y6gWTmcyw8mFI3GF1Wa84yxiq8aGvniWhyiTF107L5LWjJ+PdVLxY+tv5jaA=="
      }
    }
  }
}